
Microsoft Visual Studio Solution File, Format Version 12.00
# Visual Studio 15
VisualStudioVersion = 15.0.27703.2000
MinimumVisualStudioVersion = 10.0.40219.1
Project("{E24C65DC-7377-472B-9ABA-BC803B73C61A}") = "InteractiveCaptcha WebSite", "InteractiveCaptcha WebSite\", "{6CC6D51B-8C87-4735-825A-5DB8E779C13A}"
	ProjectSection(WebsiteProperties) = preProject
		TargetFrameworkMoniker = ".NETFramework,Version%3Dv4.5"
		Debug.AspNetCompiler.VirtualPath = "/InteractiveCaptcha WebSite"
		Debug.AspNetCompiler.PhysicalPath = "InteractiveCaptcha WebSite\"
		Debug.AspNetCompiler.TargetPath = "InteractiveCaptcha WebSite\"
		Debug.AspNetCompiler.Updateable = "true"
		Debug.AspNetCompiler.ForceOverwrite = "true"
		Debug.AspNetCompiler.FixedNames = "false"
		Debug.AspNetCompiler.Debug = "True"
		Release.AspNetCompiler.VirtualPath = "/InteractiveCaptcha WebSite"
		Release.AspNetCompiler.PhysicalPath = "InteractiveCaptcha WebSite\"
		Release.AspNetCompiler.TargetPath = "InteractiveCaptcha WebSite\"
		Release.AspNetCompiler.Updateable = "true"
		Release.AspNetCompiler.ForceOverwrite = "true"
		Release.AspNetCompiler.FixedNames = "false"
		Release.AspNetCompiler.Debug = "False"
		VWDPort = "56472"
		SlnRelativePath = "InteractiveCaptcha WebSite\"
		DefaultWebSiteLanguage = "Visual C#"
	EndProjectSection
EndProject
Project("{FAE04EC0-301F-11D3-BF4B-00C04F79EFBC}") = "InteractiveCaptcha WCF", "InteractiveCaptcha WCF\InteractiveCaptcha WCF.csproj", "{1F485355-38D3-44BF-9535-BC5ED7BD54B3}"
EndProject
Global
	GlobalSection(SolutionConfigurationPlatforms) = preSolution
		Debug|Any CPU = Debug|Any CPU
		Release|Any CPU = Release|Any CPU
	EndGlobalSection
	GlobalSection(ProjectConfigurationPlatforms) = postSolution
		{6CC6D51B-8C87-4735-825A-5DB8E779C13A}.Debug|Any CPU.ActiveCfg = Debug|Any CPU
		{6CC6D51B-8C87-4735-825A-5DB8E779C13A}.Debug|Any CPU.Build.0 = Debug|Any CPU
		{6CC6D51B-8C87-4735-825A-5DB8E779C13A}.Release|Any CPU.ActiveCfg = Debug|Any CPU
		{6CC6D51B-8C87-4735-825A-5DB8E779C13A}.Release|Any CPU.Build.0 = Debug|Any CPU
		{1F485355-38D3-44BF-9535-BC5ED7BD54B3}.Debug|Any CPU.ActiveCfg = Debug|Any CPU
		{1F485355-38D3-44BF-9535-BC5ED7BD54B3}.Debug|Any CPU.Build.0 = Debug|Any CPU
		{1F485355-38D3-44BF-9535-BC5ED7BD54B3}.Release|Any CPU.ActiveCfg = Release|Any CPU
		{1F485355-38D3-44BF-9535-BC5ED7BD54B3}.Release|Any CPU.Build.0 = Release|Any CPU
	EndGlobalSection
	GlobalSection(SolutionProperties) = preSolution
		HideSolutionNode = FALSE
	EndGlobalSection
	GlobalSection(ExtensibilityGlobals) = postSolution
		SolutionGuid = {3F2DFDB6-2A82-443D-8FA4-E63F922749E3}
	EndGlobalSection
EndGlobal
